
Microsoft Visual Studio Solution File, Format Version 12.00
# Visual Studio Version 17
VisualStudioVersion = 17.2.32630.192
MinimumVisualStudioVersion = 10.0.40219.1
Project("{FAE04EC0-301F-11D3-BF4B-00C04F79EFBC}") = "RepositoryWorkers", "RepositoryWorkers.csproj", "{8F58619C-BB65-4C25-B736-B4FAEDCE5F2F}"
EndProject
Global
	GlobalSection(SolutionConfigurationPlatforms) = preSolution
		Debug|Any CPU = Debug|Any CPU
		Release|Any CPU = Release|Any CPU
	EndGlobalSection
	GlobalSection(ProjectConfigurationPlatforms) = postSolution
		{8F58619C-BB65-4C25-B736-B4FAEDCE5F2F}.Debug|Any CPU.ActiveCfg = Debug|Any CPU
		{8F58619C-BB65-4C25-B736-B4FAEDCE5F2F}.Debug|Any CPU.Build.0 = Debug|Any CPU
		{8F58619C-BB65-4C25-B736-B4FAEDCE5F2F}.Release|Any CPU.ActiveCfg = Release|Any CPU
		{8F58619C-BB65-4C25-B736-B4FAEDCE5F2F}.Release|Any CPU.Build.0 = Release|Any CPU
	EndGlobalSection
	GlobalSection(SolutionProperties) = preSolution
		HideSolutionNode = FALSE
	EndGlobalSection
	GlobalSection(ExtensibilityGlobals) = postSolution
		SolutionGuid = {EE8FEAA9-DEF2-47E5-9CE8-BD193366CEA9}
	EndGlobalSection
EndGlobal
